// !$*UTF8*$!
{
	archiveVersion = 1;
	classes = {
	};
	objectVersion = 48;
	objects = {

/* Begin PBXBuildFile section */
		01AE6B023EC6443946A9D458 /* Pods_PayUMoney.framework in Frameworks */ = {isa = PBXBuildFile; fileRef = 198729F743A367D6443873CE /* Pods_PayUMoney.framework */; };
		E5A951982063D33400DE732D /* AppDelegate.swift in Sources */ = {isa = PBXBuildFile; fileRef = E5A951972063D33400DE732D /* AppDelegate.swift */; };
		E5A9519A2063D33500DE732D /* ViewController.swift in Sources */ = {isa = PBXBuildFile; fileRef = E5A951992063D33500DE732D /* ViewController.swift */; };
		E5A9519D2063D33500DE732D /* Main.storyboard in Resources */ = {isa = PBXBuildFile; fileRef = E5A9519B2063D33500DE732D /* Main.storyboard */; };
		E5A9519F2063D33500DE732D /* Assets.xcassets in Resources */ = {isa = PBXBuildFile; fileRef = E5A9519E2063D33500DE732D /* Assets.xcassets */; };
		E5A951A22063D33500DE732D /* LaunchScreen.storyboard in Resources */ = {isa = PBXBuildFile; fileRef = E5A951A02063D33500DE732D /* LaunchScreen.storyboard */; };
		E5A951AE2063D4C400DE732D /* PlugNPlay.framework in Frameworks */ = {isa = PBXBuildFile; fileRef = E5A951AD2063D4C400DE732D /* PlugNPlay.framework */; };
/* End PBXBuildFile section */

/* Begin PBXFileReference section */
		198729F743A367D6443873CE /* Pods_PayUMoney.framework */ = {isa = PBXFileReference; explicitFileType = wrapper.framework; includeInIndex = 0; path = Pods_PayUMoney.framework; sourceTree = BUILT_PRODUCTS_DIR; };
		339DFBCDD9C292FA28634C63 /* Pods-PayUMoney.release.xcconfig */ = {isa = PBXFileReference; includeInIndex = 1; lastKnownFileType = text.xcconfig; name = "Pods-PayUMoney.release.xcconfig"; path = "Pods/Target Support Files/Pods-PayUMoney/Pods-PayUMoney.release.xcconfig"; sourceTree = "<group>"; };
		BDAC1AA37864AA1B79B54F8C /* Pods-PayUMoney.debug.xcconfig */ = {isa = PBXFileReference; includeInIndex = 1; lastKnownFileType = text.xcconfig; name = "Pods-PayUMoney.debug.xcconfig"; path = "Pods/Target Support Files/Pods-PayUMoney/Pods-PayUMoney.debug.xcconfig"; sourceTree = "<group>"; };
		E5A951942063D33400DE732D /* PayUMoney.app */ = {isa = PBXFileReference; explicitFileType = wrapper.application; includeInIndex = 0; path = PayUMoney.app; sourceTree = BUILT_PRODUCTS_DIR; };
		E5A951972063D33400DE732D /* AppDelegate.swift */ = {isa = PBXFileReference; lastKnownFileType = sourcecode.swift; path = AppDelegate.swift; sourceTree = "<group>"; };
		E5A951992063D33500DE732D /* ViewController.swift */ = {isa = PBXFileReference; lastKnownFileType = sourcecode.swift; path = ViewController.swift; sourceTree = "<group>"; };
		E5A9519C2063D33500DE732D /* Base */ = {isa = PBXFileReference; lastKnownFileType = file.storyboard; name = Base; path = Base.lproj/Main.storyboard; sourceTree = "<group>"; };
		E5A9519E2063D33500DE732D /* Assets.xcassets */ = {isa = PBXFileReference; lastKnownFileType = folder.assetcatalog; path = Assets.xcassets; sourceTree = "<group>"; };
		E5A951A12063D33500DE732D /* Base */ = {isa = PBXFileReference; lastKnownFileType = file.storyboard; name = Base; path = Base.lproj/LaunchScreen.storyboard; sourceTree = "<group>"; };
		E5A951A32063D33500DE732D /* Info.plist */ = {isa = PBXFileReference; lastKnownFileType = text.plist.xml; path = Info.plist; sourceTree = "<group>"; };
		E5A951A92063D44E00DE732D /* PayUMoney-Bridging-Header.h */ = {isa = PBXFileReference; lastKnownFileType = sourcecode.c.h; path = "PayUMoney-Bridging-Header.h"; sourceTree = "<group>"; };
		E5A951AD2063D4C400DE732D /* PlugNPlay.framework */ = {isa = PBXFileReference; lastKnownFileType = wrapper.framework; path = PlugNPlay.framework; sourceTree = "<group>"; };
/* End PBXFileReference section */

/* Begin PBXFrameworksBuildPhase section */
		E5A951912063D33400DE732D /* Frameworks */ = {
			isa = PBXFrameworksBuildPhase;
			buildActionMask = 2147483647;
			files = (
				01AE6B023EC6443946A9D458 /* Pods_PayUMoney.framework in Frameworks */,
				E5A951AE2063D4C400DE732D /* PlugNPlay.framework in Frameworks */,
			);
			runOnlyForDeploymentPostprocessing = 0;
		};
/* End PBXFrameworksBuildPhase section */

/* Begin PBXGroup section */
		318B7599F0745BC1165B6B14 /* Frameworks */ = {
			isa = PBXGroup;
			children = (
				198729F743A367D6443873CE /* Pods_PayUMoney.framework */,
			);
			name = Frameworks;
			sourceTree = "<group>";
		};
		B1EE4860C76BB4E587A5A018 /* Pods */ = {
			isa = PBXGroup;
			children = (
				BDAC1AA37864AA1B79B54F8C /* Pods-PayUMoney.debug.xcconfig */,
				339DFBCDD9C292FA28634C63 /* Pods-PayUMoney.release.xcconfig */,
			);
			name = Pods;
			sourceTree = "<group>";
		};
		E5A9518B2063D33400DE732D = {
			isa = PBXGroup;
			children = (
				E5A951962063D33400DE732D /* PayUMoney */,
				E5A951952063D33400DE732D /* Products */,
				B1EE4860C76BB4E587A5A018 /* Pods */,
				318B7599F0745BC1165B6B14 /* Frameworks */,
				E5A951A92063D44E00DE732D /* PayUMoney-Bridging-Header.h */,
			);
			sourceTree = "<group>";
		};
		E5A951952063D33400DE732D /* Products */ = {
			isa = PBXGroup;
			children = (
				E5A951942063D33400DE732D /* PayUMoney.app */,
			);
			name = Products;
			sourceTree = "<group>";
		};
		E5A951962063D33400DE732D /* PayUMoney */ = {
			isa = PBXGroup;
			children = (
				E5A951AD2063D4C400DE732D /* PlugNPlay.framework */,
				E5A951972063D33400DE732D /* AppDelegate.swift */,
				E5A951992063D33500DE732D /* ViewController.swift */,
				E5A9519B2063D33500DE732D /* Main.storyboard */,
				E5A9519E2063D33500DE732D /* Assets.xcassets */,
				E5A951A02063D33500DE732D /* LaunchScreen.storyboard */,
				E5A951A32063D33500DE732D /* Info.plist */,
			);
			path = PayUMoney;
			sourceTree = "<group>";
		};
/* End PBXGroup section */

/* Begin PBXNativeTarget section */
		E5A951932063D33400DE732D /* PayUMoney */ = {
			isa = PBXNativeTarget;
			buildConfigurationList = E5A951A62063D33500DE732D /* Build configuration list for PBXNativeTarget "PayUMoney" */;
			buildPhases = (
				B993609709E900D738ECCC03 /* [CP] Check Pods Manifest.lock */,
				E5A951902063D33400DE732D /* Sources */,
				E5A951912063D33400DE732D /* Frameworks */,
				E5A951922063D33400DE732D /* Resources */,
				A058B001000235EDEDDCB4BA /* [CP] Embed Pods Frameworks */,
				4CAB21D4B0D458F763555166 /* [CP] Copy Pods Resources */,
			);
			buildRules = (
			);
			dependencies = (
			);
			name = PayUMoney;
			productName = PayUMoney;
			productReference = E5A951942063D33400DE732D /* PayUMoney.app */;
			productType = "com.apple.product-type.application";
		};
/* End PBXNativeTarget section */

/* Begin PBXProject section */
		E5A9518C2063D33400DE732D /* Project object */ = {
			isa = PBXProject;
			attributes = {
				LastSwiftUpdateCheck = 0920;
				LastUpgradeCheck = 0920;
				ORGANIZATIONNAME = karpomkarpipoom;
				TargetAttributes = {
					E5A951932063D33400DE732D = {
						CreatedOnToolsVersion = 9.2;
						LastSwiftMigration = 0920;
						ProvisioningStyle = Automatic;
					};
				};
			};
			buildConfigurationList = E5A9518F2063D33400DE732D /* Build configuration list for PBXProject "PayUMoney" */;
			compatibilityVersion = "Xcode 8.0";
			developmentRegion = en;
			hasScannedForEncodings = 0;
			knownRegions = (
				en,
				Base,
			);
			mainGroup = E5A9518B2063D33400DE732D;
			productRefGroup = E5A951952063D33400DE732D /* Products */;
			projectDirPath = "";
			projectRoot = "";
			targets = (
				E5A951932063D33400DE732D /* PayUMoney */,
			);
		};
/* End PBXProject section */

/* Begin PBXResourcesBuildPhase section */
		E5A951922063D33400DE732D /* Resources */ = {
			isa = PBXResourcesBuildPhase;
			buildActionMask = 2147483647;
			files = (
				E5A951A22063D33500DE732D /* LaunchScreen.storyboard in Resources */,
				E5A9519F2063D33500DE732D /* Assets.xcassets in Resources */,
				E5A9519D2063D33500DE732D /* Main.storyboard in Resources */,
			);
			runOnlyForDeploymentPostprocessing = 0;
		};
/* End PBXResourcesBuildPhase section */

/* Begin PBXShellScriptBuildPhase section */
		4CAB21D4B0D458F763555166 /* [CP] Copy Pods Resources */ = {
			isa = PBXShellScriptBuildPhase;
			buildActionMask = 2147483647;
			files = (
			);
			inputPaths = (
			);
			name = "[CP] Copy Pods Resources";
			outputPaths = (
			);
			runOnlyForDeploymentPostprocessing = 0;
			shellPath = /bin/sh;
			shellScript = "\"${SRCROOT}/Pods/Target Support Files/Pods-PayUMoney/Pods-PayUMoney-resources.sh\"\n";
			showEnvVarsInLog = 0;
		};
		A058B001000235EDEDDCB4BA /* [CP] Embed Pods Frameworks */ = {
			isa = PBXShellScriptBuildPhase;
			buildActionMask = 2147483647;
			files = (
			);
			inputPaths = (
				"${SRCROOT}/Pods/Target Support Files/Pods-PayUMoney/Pods-PayUMoney-frameworks.sh",
				"${PODS_ROOT}/CitrusGraphics/Framework/graphics-sdk/CitrusGraphics.framework",
				"${PODS_ROOT}/PayUmoney_CoreSDK/CoreSDK/PayUMoneyCoreSDK.framework",
				"${PODS_ROOT}/PayUmoney_PnP/PlugNPlay/PlugNPlay.framework",
			);
			name = "[CP] Embed Pods Frameworks";
			outputPaths = (
				"${TARGET_BUILD_DIR}/${FRAMEWORKS_FOLDER_PATH}/CitrusGraphics.framework",
				"${TARGET_BUILD_DIR}/${FRAMEWORKS_FOLDER_PATH}/PayUMoneyCoreSDK.framework",
				"${TARGET_BUILD_DIR}/${FRAMEWORKS_FOLDER_PATH}/PlugNPlay.framework",
			);
			runOnlyForDeploymentPostprocessing = 0;
			shellPath = /bin/sh;
			shellScript = "\"${SRCROOT}/Pods/Target Support Files/Pods-PayUMoney/Pods-PayUMoney-frameworks.sh\"\n";
			showEnvVarsInLog = 0;
		};
		B993609709E900D738ECCC03 /* [CP] Check Pods Manifest.lock */ = {
			isa = PBXShellScriptBuildPhase;
			buildActionMask = 2147483647;
			files = (
			);
			inputPaths = (
				"${PODS_PODFILE_DIR_PATH}/Podfile.lock",
				"${PODS_ROOT}/Manifest.lock",
			);
			name = "[CP] Check Pods Manifest.lock";
			outputPaths = (
				"$(DERIVED_FILE_DIR)/Pods-PayUMoney-checkManifestLockResult.txt",
			);
			runOnlyForDeploymentPostprocessing = 0;
			shellPath = /bin/sh;
			shellScript = "diff \"${PODS_PODFILE_DIR_PATH}/Podfile.lock\" \"${PODS_ROOT}/Manifest.lock\" > /dev/null\nif [ $? != 0 ] ; then\n    # print error to STDERR\n    echo \"error: The sandbox is not in sync with the Podfile.lock. Run 'pod install' or update your CocoaPods installation.\" >&2\n    exit 1\nfi\n# This output is used by Xcode 'outputs' to avoid re-running this script phase.\necho \"SUCCESS\" > \"${SCRIPT_OUTPUT_FILE_0}\"\n";
			showEnvVarsInLog = 0;
		};
/* End PBXShellScriptBuildPhase section */

/* Begin PBXSourcesBuildPhase section */
		E5A951902063D33400DE732D /* Sources */ = {
			isa = PBXSourcesBuildPhase;
			buildActionMask = 2147483647;
			files = (
				E5A9519A2063D33500DE732D /* ViewController.swift in Sources */,
				E5A951982063D33400DE732D /* AppDelegate.swift in Sources */,
			);
			runOnlyForDeploymentPostprocessing = 0;
		};
/* End PBXSourcesBuildPhase section */

/* Begin PBXVariantGroup section */
		E5A9519B2063D33500DE732D /* Main.storyboard */ = {
			isa = PBXVariantGroup;
			children = (
				E5A9519C2063D33500DE732D /* Base */,
			);
			name = Main.storyboard;
			sourceTree = "<group>";
		};
		E5A951A02063D33500DE732D /* LaunchScreen.storyboard */ = {
			isa = PBXVariantGroup;
			children = (
				E5A951A12063D33500DE732D /* Base */,
			);
			name = LaunchScreen.storyboard;
			sourceTree = "<group>";
		};
/* End PBXVariantGroup section */

/* Begin XCBuildConfiguration section */
		E5A951A42063D33500DE732D /* Debug */ = {
			isa = XCBuildConfiguration;
			buildSettings = {
				ALWAYS_SEARCH_USER_PATHS = NO;
				CLANG_ANALYZER_NONNULL = YES;
				CLANG_ANALYZER_NUMBER_OBJECT_CONVERSION = YES_AGGRESSIVE;
				CLANG_CXX_LANGUAGE_STANDARD = "gnu++14";
				CLANG_CXX_LIBRARY = "libc++";
				CLANG_ENABLE_MODULES = YES;
				CLANG_ENABLE_OBJC_ARC = YES;
				CLANG_WARN_BLOCK_CAPTURE_AUTORELEASING = YES;
				CLANG_WARN_BOOL_CONVERSION = YES;
				CLANG_WARN_COMMA = YES;
				CLANG_WARN_CONSTANT_CONVERSION = YES;
				CLANG_WARN_DIRECT_OBJC_ISA_USAGE = YES_ERROR;
				CLANG_WARN_DOCUMENTATION_COMMENTS = YES;
				CLANG_WARN_EMPTY_BODY = YES;
				CLANG_WARN_ENUM_CONVERSION = YES;
				CLANG_WARN_INFINITE_RECURSION = YES;
				CLANG_WARN_INT_CONVERSION = YES;
				CLANG_WARN_NON_LITERAL_NULL_CONVERSION = YES;
				CLANG_WARN_OBJC_LITERAL_CONVERSION = YES;
				CLANG_WARN_OBJC_ROOT_CLASS = YES_ERROR;
				CLANG_WARN_RANGE_LOOP_ANALYSIS = YES;
				CLANG_WARN_STRICT_PROTOTYPES = YES;
				CLANG_WARN_SUSPICIOUS_MOVE = YES;
				CLANG_WARN_UNGUARDED_AVAILABILITY = YES_AGGRESSIVE;
				CLANG_WARN_UNREACHABLE_CODE = YES;
				CLANG_WARN__DUPLICATE_METHOD_MATCH = YES;
				CODE_SIGN_IDENTITY = "iPhone Developer";
				COPY_PHASE_STRIP = NO;
				DEBUG_INFORMATION_FORMAT = dwarf;
				ENABLE_STRICT_OBJC_MSGSEND = YES;
				ENABLE_TESTABILITY = YES;
				GCC_C_LANGUAGE_STANDARD = gnu11;
				GCC_DYNAMIC_NO_PIC = NO;
				GCC_NO_COMMON_BLOCKS = YES;
				GCC_OPTIMIZATION_LEVEL = 0;
				GCC_PREPROCESSOR_DEFINITIONS = (
					"DEBUG=1",
					"$(inherited)",
				);
				GCC_WARN_64_TO_32_BIT_CONVERSION = YES;
				GCC_WARN_ABOUT_RETURN_TYPE = YES_ERROR;
				GCC_WARN_UNDECLARED_SELECTOR = YES;
				GCC_WARN_UNINITIALIZED_AUTOS = YES_AGGRESSIVE;
				GCC_WARN_UNUSED_FUNCTION = YES;
				GCC_WARN_UNUSED_VARIABLE = YES;
				IPHONEOS_DEPLOYMENT_TARGET = 11.2;
				MTL_ENABLE_DEBUG_INFO = YES;
				ONLY_ACTIVE_ARCH = YES;
				SDKROOT = iphoneos;
				SWIFT_ACTIVE_COMPILATION_CONDITIONS = DEBUG;
				SWIFT_OPTIMIZATION_LEVEL = "-Onone";
			};
			name = Debug;
		};
		E5A951A52063D33500DE732D /* Release */ = {
			isa = XCBuildConfiguration;
			buildSettings = {
				ALWAYS_SEARCH_USER_PATHS = NO;
				CLANG_ANALYZER_NONNULL = YES;
				CLANG_ANALYZER_NUMBER_OBJECT_CONVERSION = YES_AGGRESSIVE;
				CLANG_CXX_LANGUAGE_STANDARD = "gnu++14";
				CLANG_CXX_LIBRARY = "libc++";
				CLANG_ENABLE_MODULES = YES;
				CLANG_ENABLE_OBJC_ARC = YES;
				CLANG_WARN_BLOCK_CAPTURE_AUTORELEASING = YES;
				CLANG_WARN_BOOL_CONVERSION = YES;
				CLANG_WARN_COMMA = YES;
				CLANG_WARN_CONSTANT_CONVERSION = YES;
				CLANG_WARN_DIRECT_OBJC_ISA_USAGE = YES_ERROR;
				CLANG_WARN_DOCUMENTATION_COMMENTS = YES;
				CLANG_WARN_EMPTY_BODY = YES;
				CLANG_WARN_ENUM_CONVERSION = YES;
				CLANG_WARN_INFINITE_RECURSION = YES;
				CLANG_WARN_INT_CONVERSION = YES;
				CLANG_WARN_NON_LITERAL_NULL_CONVERSION = YES;
				CLANG_WARN_OBJC_LITERAL_CONVERSION = YES;
				CLANG_WARN_OBJC_ROOT_CLASS = YES_ERROR;
				CLANG_WARN_RANGE_LOOP_ANALYSIS = YES;
				CLANG_WARN_STRICT_PROTOTYPES = YES;
				CLANG_WARN_SUSPICIOUS_MOVE = YES;
				CLANG_WARN_UNGUARDED_AVAILABILITY = YES_AGGRESSIVE;
				CLANG_WARN_UNREACHABLE_CODE = YES;
				CLANG_WARN__DUPLICATE_METHOD_MATCH = YES;
				CODE_SIGN_IDENTITY = "iPhone Developer";
				COPY_PHASE_STRIP = NO;
				DEBUG_INFORMATION_FORMAT = "dwarf-with-dsym";
				ENABLE_NS_ASSERTIONS = NO;
				ENABLE_STRICT_OBJC_MSGSEND = YES;
				GCC_C_LANGUAGE_STANDARD = gnu11;
				GCC_NO_COMMON_BLOCKS = YES;
				GCC_WARN_64_TO_32_BIT_CONVERSION = YES;
				GCC_WARN_ABOUT_RETURN_TYPE = YES_ERROR;
				GCC_WARN_UNDECLARED_SELECTOR = YES;
				GCC_WARN_UNINITIALIZED_AUTOS = YES_AGGRESSIVE;
				GCC_WARN_UNUSED_FUNCTION = YES;
				GCC_WARN_UNUSED_VARIABLE = YES;
				IPHONEOS_DEPLOYMENT_TARGET = 11.2;
				MTL_ENABLE_DEBUG_INFO = NO;
				SDKROOT = iphoneos;
				SWIFT_OPTIMIZATION_LEVEL = "-Owholemodule";
				VALIDATE_PRODUCT = YES;
			};
			name = Release;
		};
		E5A951A72063D33500DE732D /* Debug */ = {
			isa = XCBuildConfiguration;
			baseConfigurationReference = BDAC1AA37864AA1B79B54F8C /* Pods-PayUMoney.debug.xcconfig */;
			buildSettings = {
				ASSETCATALOG_COMPILER_APPICON_NAME = AppIcon;
				CLANG_ENABLE_MODULES = YES;
				CODE_SIGN_STYLE = Automatic;
				FRAMEWORK_SEARCH_PATHS = (
					"$(inherited)",
					"$(PROJECT_DIR)/PayUMoney",
				);
				INFOPLIST_FILE = PayUMoney/Info.plist;
				LD_RUNPATH_SEARCH_PATHS = "$(inherited) @executable_path/Frameworks";
				PRODUCT_BUNDLE_IDENTIFIER = com.karpomkarpipoom.PayUMoney;
				PRODUCT_NAME = "$(TARGET_NAME)";
				SWIFT_OBJC_BRIDGING_HEADER = "PayUMoney-Bridging-Header.h";
				SWIFT_OPTIMIZATION_LEVEL = "-Onone";
				SWIFT_VERSION = 4.0;
				TARGETED_DEVICE_FAMILY = "1,2";
			};
			name = Debug;
		};
		E5A951A82063D33500DE732D /* Release */ = {
			isa = XCBuildConfiguration;
			baseConfigurationReference = 339DFBCDD9C292FA28634C63 /* Pods-PayUMoney.release.xcconfig */;
			buildSettings = {
				ASSETCATALOG_COMPILER_APPICON_NAME = AppIcon;
				CLANG_ENABLE_MODULES = YES;
				CODE_SIGN_STYLE = Automatic;
				FRAMEWORK_SEARCH_PATHS = (
					"$(inherited)",
					"$(PROJECT_DIR)/PayUMoney",
				);
				INFOPLIST_FILE = PayUMoney/Info.plist;
				LD_RUNPATH_SEARCH_PATHS = "$(inherited) @executable_path/Frameworks";
				PRODUCT_BUNDLE_IDENTIFIER = com.karpomkarpipoom.PayUMoney;
				PRODUCT_NAME = "$(TARGET_NAME)";
				SWIFT_OBJC_BRIDGING_HEADER = "PayUMoney-Bridging-Header.h";
				SWIFT_VERSION = 4.0;
				TARGETED_DEVICE_FAMILY = "1,2";
			};
			name = Release;
		};
/* End XCBuildConfiguration section */

/* Begin XCConfigurationList section */
		E5A9518F2063D33400DE732D /* Build configuration list for PBXProject "PayUMoney" */ = {
			isa = XCConfigurationList;
			buildConfigurations = (
				E5A951A42063D33500DE732D /* Debug */,
				E5A951A52063D33500DE732D /* Release */,
			);
			defaultConfigurationIsVisible = 0;
			defaultConfigurationName = Release;
		};
		E5A951A62063D33500DE732D /* Build configuration list for PBXNativeTarget "PayUMoney" */ = {
			isa = XCConfigurationList;
			buildConfigurations = (
				E5A951A72063D33500DE732D /* Debug */,
				E5A951A82063D33500DE732D /* Release */,
			);
			defaultConfigurationIsVisible = 0;
			defaultConfigurationName = Release;
		};
/* End XCConfigurationList section */
	};
	rootObject = E5A9518C2063D33400DE732D /* Project object */;
}
